{
  "originHash" : "ae130ed070027ca623f9de92c9a344f77c28adbad87b2c298a17eafb0f067dd1",
  "pins" : [
    {
      "identity" : "droppykit",
      "kind" : "remoteSourceControl",
      "location" : "https://gitlab.com/droppyformac1/droppykit.git",
      "state" : {
        "revision" : "0c40ec111b01421af06d23158f46b75eea75d166",
        "version" : "1.8.1"
      }
    }
  ],
  "version" : 3
}
